// !$*UTF8*$!
{
	archiveVersion = 1;
	classes = {
	};
	objectVersion = 46;
	objects = {

/* Begin PBXBuildFile section */
		3627A3E81A17A7800092686D /* main.m in Sources */ = {isa = PBXBuildFile; fileRef = 3627A3E71A17A7800092686D /* main.m */; };
		3627A3EB1A17A7800092686D /* AppDelegate.m in Sources */ = {isa = PBXBuildFile; fileRef = 3627A3EA1A17A7800092686D /* AppDelegate.m */; };
		3627A3EE1A17A7800092686D /* ViewController.m in Sources */ = {isa = PBXBuildFile; fileRef = 3627A3ED1A17A7800092686D /* ViewController.m */; };
		3627A3F11A17A7800092686D /* Main.storyboard in Resources */ = {isa = PBXBuildFile; fileRef = 3627A3EF1A17A7800092686D /* Main.storyboard */; };
		3627A3F31A17A7800092686D /* Images.xcassets in Resources */ = {isa = PBXBuildFile; fileRef = 3627A3F21A17A7800092686D /* Images.xcassets */; };
		3627A3F61A17A7800092686D /* LaunchScreen.xib in Resources */ = {isa = PBXBuildFile; fileRef = 3627A3F41A17A7800092686D /* LaunchScreen.xib */; };
		3627A4021A17A7800092686D /* NSDictionary_Model_InterconversionTests.m in Sources */ = {isa = PBXBuildFile; fileRef = 3627A4011A17A7800092686D /* NSDictionary_Model_InterconversionTests.m */; };
		3627A4111A17A7DF0092686D /* WSTransObj.m in Sources */ = {isa = PBXBuildFile; fileRef = 3627A40F1A17A7DF0092686D /* WSTransObj.m */; };
		3627A4141A17A8AB0092686D /* NSDate+WSCategory.m in Sources */ = {isa = PBXBuildFile; fileRef = 3627A4131A17A8AB0092686D /* NSDate+WSCategory.m */; };
		3627A4171A17A8BF0092686D /* NSString+WSCategory.m in Sources */ = {isa = PBXBuildFile; fileRef = 3627A4161A17A8BF0092686D /* NSString+WSCategory.m */; };
		3627A41E1A17AB3D0092686D /* Person.m in Sources */ = {isa = PBXBuildFile; fileRef = 3627A4191A17AB3D0092686D /* Person.m */; };
		3627A41F1A17AB3D0092686D /* Teacher.m in Sources */ = {isa = PBXBuildFile; fileRef = 3627A41B1A17AB3D0092686D /* Teacher.m */; };
		3627A4201A17AB3D0092686D /* Name.m in Sources */ = {isa = PBXBuildFile; fileRef = 3627A41D1A17AB3D0092686D /* Name.m */; };
/* End PBXBuildFile section */

/* Begin PBXContainerItemProxy section */
		3627A3FC1A17A7800092686D /* PBXContainerItemProxy */ = {
			isa = PBXContainerItemProxy;
			containerPortal = 3627A3DA1A17A7800092686D /* Project object */;
			proxyType = 1;
			remoteGlobalIDString = 3627A3E11A17A7800092686D;
			remoteInfo = "NSDictionary－Model Interconversion";
		};
/* End PBXContainerItemProxy section */

/* Begin PBXFileReference section */
		3627A3E21A17A7800092686D /* NSDictionary－Model Interconversion.app */ = {isa = PBXFileReference; explicitFileType = wrapper.application; includeInIndex = 0; path = "NSDictionary－Model Interconversion.app"; sourceTree = BUILT_PRODUCTS_DIR; };
		3627A3E61A17A7800092686D /* Info.plist */ = {isa = PBXFileReference; lastKnownFileType = text.plist.xml; path = Info.plist; sourceTree = "<group>"; };
		3627A3E71A17A7800092686D /* main.m */ = {isa = PBXFileReference; lastKnownFileType = sourcecode.c.objc; path = main.m; sourceTree = "<group>"; };
		3627A3E91A17A7800092686D /* AppDelegate.h */ = {isa = PBXFileReference; lastKnownFileType = sourcecode.c.h; path = AppDelegate.h; sourceTree = "<group>"; };
		3627A3EA1A17A7800092686D /* AppDelegate.m */ = {isa = PBXFileReference; lastKnownFileType = sourcecode.c.objc; path = AppDelegate.m; sourceTree = "<group>"; };
		3627A3EC1A17A7800092686D /* ViewController.h */ = {isa = PBXFileReference; lastKnownFileType = sourcecode.c.h; path = ViewController.h; sourceTree = "<group>"; };
		3627A3ED1A17A7800092686D /* ViewController.m */ = {isa = PBXFileReference; lastKnownFileType = sourcecode.c.objc; path = ViewController.m; sourceTree = "<group>"; };
		3627A3F01A17A7800092686D /* Base */ = {isa = PBXFileReference; lastKnownFileType = file.storyboard; name = Base; path = Base.lproj/Main.storyboard; sourceTree = "<group>"; };
		3627A3F21A17A7800092686D /* Images.xcassets */ = {isa = PBXFileReference; lastKnownFileType = folder.assetcatalog; path = Images.xcassets; sourceTree = "<group>"; };
		3627A3F51A17A7800092686D /* Base */ = {isa = PBXFileReference; lastKnownFileType = file.xib; name = Base; path = Base.lproj/LaunchScreen.xib; sourceTree = "<group>"; };
		3627A3FB1A17A7800092686D /* NSDictionary－Model InterconversionTests.xctest */ = {isa = PBXFileReference; explicitFileType = wrapper.cfbundle; includeInIndex = 0; path = "NSDictionary－Model InterconversionTests.xctest"; sourceTree = BUILT_PRODUCTS_DIR; };
		3627A4001A17A7800092686D /* Info.plist */ = {isa = PBXFileReference; lastKnownFileType = text.plist.xml; path = Info.plist; sourceTree = "<group>"; };
		3627A4011A17A7800092686D /* NSDictionary_Model_InterconversionTests.m */ = {isa = PBXFileReference; lastKnownFileType = sourcecode.c.objc; path = NSDictionary_Model_InterconversionTests.m; sourceTree = "<group>"; };
		3627A40E1A17A7DF0092686D /* WSTransObj.h */ = {isa = PBXFileReference; fileEncoding = 4; lastKnownFileType = sourcecode.c.h; path = WSTransObj.h; sourceTree = "<group>"; };
		3627A40F1A17A7DF0092686D /* WSTransObj.m */ = {isa = PBXFileReference; fileEncoding = 4; lastKnownFileType = sourcecode.c.objc; path = WSTransObj.m; sourceTree = "<group>"; };
		3627A4121A17A8AB0092686D /* NSDate+WSCategory.h */ = {isa = PBXFileReference; fileEncoding = 4; lastKnownFileType = sourcecode.c.h; path = "NSDate+WSCategory.h"; sourceTree = "<group>"; };
		3627A4131A17A8AB0092686D /* NSDate+WSCategory.m */ = {isa = PBXFileReference; fileEncoding = 4; lastKnownFileType = sourcecode.c.objc; path = "NSDate+WSCategory.m"; sourceTree = "<group>"; };
		3627A4151A17A8BF0092686D /* NSString+WSCategory.h */ = {isa = PBXFileReference; fileEncoding = 4; lastKnownFileType = sourcecode.c.h; path = "NSString+WSCategory.h"; sourceTree = "<group>"; };
		3627A4161A17A8BF0092686D /* NSString+WSCategory.m */ = {isa = PBXFileReference; fileEncoding = 4; lastKnownFileType = sourcecode.c.objc; path = "NSString+WSCategory.m"; sourceTree = "<group>"; };
		3627A4181A17AB3D0092686D /* Person.h */ = {isa = PBXFileReference; fileEncoding = 4; lastKnownFileType = sourcecode.c.h; path = Person.h; sourceTree = "<group>"; };
		3627A4191A17AB3D0092686D /* Person.m */ = {isa = PBXFileReference; fileEncoding = 4; lastKnownFileType = sourcecode.c.objc; path = Person.m; sourceTree = "<group>"; };
		3627A41A1A17AB3D0092686D /* Teacher.h */ = {isa = PBXFileReference; fileEncoding = 4; lastKnownFileType = sourcecode.c.h; path = Teacher.h; sourceTree = "<group>"; };
		3627A41B1A17AB3D0092686D /* Teacher.m */ = {isa = PBXFileReference; fileEncoding = 4; lastKnownFileType = sourcecode.c.objc; path = Teacher.m; sourceTree = "<group>"; };
		3627A41C1A17AB3D0092686D /* Name.h */ = {isa = PBXFileReference; fileEncoding = 4; lastKnownFileType = sourcecode.c.h; path = Name.h; sourceTree = "<group>"; };
		3627A41D1A17AB3D0092686D /* Name.m */ = {isa = PBXFileReference; fileEncoding = 4; lastKnownFileType = sourcecode.c.objc; path = Name.m; sourceTree = "<group>"; };
/* End PBXFileReference section */

/* Begin PBXFrameworksBuildPhase section */
		3627A3DF1A17A7800092686D /* Frameworks */ = {
			isa = PBXFrameworksBuildPhase;
			buildActionMask = 2147483647;
			files = (
			);
			runOnlyForDeploymentPostprocessing = 0;
		};
		3627A3F81A17A7800092686D /* Frameworks */ = {
			isa = PBXFrameworksBuildPhase;
			buildActionMask = 2147483647;
			files = (
			);
			runOnlyForDeploymentPostprocessing = 0;
		};
/* End PBXFrameworksBuildPhase section */

/* Begin PBXGroup section */
		3627A3D91A17A7800092686D = {
			isa = PBXGroup;
			children = (
				3627A40B1A17A7DF0092686D /* WSTansObj */,
				3627A3E41A17A7800092686D /* NSDictionary－Model Interconversion */,
				3627A3FE1A17A7800092686D /* NSDictionary－Model InterconversionTests */,
				3627A3E31A17A7800092686D /* Products */,
			);
			sourceTree = "<group>";
		};
		3627A3E31A17A7800092686D /* Products */ = {
			isa = PBXGroup;
			children = (
				3627A3E21A17A7800092686D /* NSDictionary－Model Interconversion.app */,
				3627A3FB1A17A7800092686D /* NSDictionary－Model InterconversionTests.xctest */,
			);
			name = Products;
			sourceTree = "<group>";
		};
		3627A3E41A17A7800092686D /* NSDictionary－Model Interconversion */ = {
			isa = PBXGroup;
			children = (
				3627A3E91A17A7800092686D /* AppDelegate.h */,
				3627A3EA1A17A7800092686D /* AppDelegate.m */,
				3627A3EC1A17A7800092686D /* ViewController.h */,
				3627A3ED1A17A7800092686D /* ViewController.m */,
				3627A4181A17AB3D0092686D /* Person.h */,
				3627A4191A17AB3D0092686D /* Person.m */,
				3627A41A1A17AB3D0092686D /* Teacher.h */,
				3627A41B1A17AB3D0092686D /* Teacher.m */,
				3627A41C1A17AB3D0092686D /* Name.h */,
				3627A41D1A17AB3D0092686D /* Name.m */,
				3627A3EF1A17A7800092686D /* Main.storyboard */,
				3627A3F21A17A7800092686D /* Images.xcassets */,
				3627A3F41A17A7800092686D /* LaunchScreen.xib */,
				3627A3E51A17A7800092686D /* Supporting Files */,
			);
			path = "NSDictionary－Model Interconversion";
			sourceTree = "<group>";
		};
		3627A3E51A17A7800092686D /* Supporting Files */ = {
			isa = PBXGroup;
			children = (
				3627A3E61A17A7800092686D /* Info.plist */,
				3627A3E71A17A7800092686D /* main.m */,
			);
			name = "Supporting Files";
			sourceTree = "<group>";
		};
		3627A3FE1A17A7800092686D /* NSDictionary－Model InterconversionTests */ = {
			isa = PBXGroup;
			children = (
				3627A4011A17A7800092686D /* NSDictionary_Model_InterconversionTests.m */,
				3627A3FF1A17A7800092686D /* Supporting Files */,
			);
			path = "NSDictionary－Model InterconversionTests";
			sourceTree = "<group>";
		};
		3627A3FF1A17A7800092686D /* Supporting Files */ = {
			isa = PBXGroup;
			children = (
				3627A4001A17A7800092686D /* Info.plist */,
			);
			name = "Supporting Files";
			sourceTree = "<group>";
		};
		3627A40B1A17A7DF0092686D /* WSTansObj */ = {
			isa = PBXGroup;
			children = (
				3627A4151A17A8BF0092686D /* NSString+WSCategory.h */,
				3627A4161A17A8BF0092686D /* NSString+WSCategory.m */,
				3627A4121A17A8AB0092686D /* NSDate+WSCategory.h */,
				3627A4131A17A8AB0092686D /* NSDate+WSCategory.m */,
				3627A40E1A17A7DF0092686D /* WSTransObj.h */,
				3627A40F1A17A7DF0092686D /* WSTransObj.m */,
			);
			path = WSTansObj;
			sourceTree = "<group>";
		};
/* End PBXGroup section */

/* Begin PBXNativeTarget section */
		3627A3E11A17A7800092686D /* NSDictionary－Model Interconversion */ = {
			isa = PBXNativeTarget;
			buildConfigurationList = 3627A4051A17A7800092686D /* Build configuration list for PBXNativeTarget "NSDictionary－Model Interconversion" */;
			buildPhases = (
				3627A3DE1A17A7800092686D /* Sources */,
				3627A3DF1A17A7800092686D /* Frameworks */,
				3627A3E01A17A7800092686D /* Resources */,
			);
			buildRules = (
			);
			dependencies = (
			);
			name = "NSDictionary－Model Interconversion";
			productName = "NSDictionary－Model Interconversion";
			productReference = 3627A3E21A17A7800092686D /* NSDictionary－Model Interconversion.app */;
			productType = "com.apple.product-type.application";
		};
		3627A3FA1A17A7800092686D /* NSDictionary－Model InterconversionTests */ = {
			isa = PBXNativeTarget;
			buildConfigurationList = 3627A4081A17A7800092686D /* Build configuration list for PBXNativeTarget "NSDictionary－Model InterconversionTests" */;
			buildPhases = (
				3627A3F71A17A7800092686D /* Sources */,
				3627A3F81A17A7800092686D /* Frameworks */,
				3627A3F91A17A7800092686D /* Resources */,
			);
			buildRules = (
			);
			dependencies = (
				3627A3FD1A17A7800092686D /* PBXTargetDependency */,
			);
			name = "NSDictionary－Model InterconversionTests";
			productName = "NSDictionary－Model InterconversionTests";
			productReference = 3627A3FB1A17A7800092686D /* NSDictionary－Model InterconversionTests.xctest */;
			productType = "com.apple.product-type.bundle.unit-test";
		};
/* End PBXNativeTarget section */

/* Begin PBXProject section */
		3627A3DA1A17A7800092686D /* Project object */ = {
			isa = PBXProject;
			attributes = {
				LastUpgradeCheck = 0610;
				ORGANIZATIONNAME = senwang;
				TargetAttributes = {
					3627A3E11A17A7800092686D = {
						CreatedOnToolsVersion = 6.1;
					};
					3627A3FA1A17A7800092686D = {
						CreatedOnToolsVersion = 6.1;
						TestTargetID = 3627A3E11A17A7800092686D;
					};
				};
			};
			buildConfigurationList = 3627A3DD1A17A7800092686D /* Build configuration list for PBXProject "NSDictionary－Model Interconversion" */;
			compatibilityVersion = "Xcode 3.2";
			developmentRegion = English;
			hasScannedForEncodings = 0;
			knownRegions = (
				en,
				Base,
			);
			mainGroup = 3627A3D91A17A7800092686D;
			productRefGroup = 3627A3E31A17A7800092686D /* Products */;
			projectDirPath = "";
			projectRoot = "";
			targets = (
				3627A3E11A17A7800092686D /* NSDictionary－Model Interconversion */,
				3627A3FA1A17A7800092686D /* NSDictionary－Model InterconversionTests */,
			);
		};
/* End PBXProject section */

/* Begin PBXResourcesBuildPhase section */
		3627A3E01A17A7800092686D /* Resources */ = {
			isa = PBXResourcesBuildPhase;
			buildActionMask = 2147483647;
			files = (
				3627A3F11A17A7800092686D /* Main.storyboard in Resources */,
				3627A3F61A17A7800092686D /* LaunchScreen.xib in Resources */,
				3627A3F31A17A7800092686D /* Images.xcassets in Resources */,
			);
			runOnlyForDeploymentPostprocessing = 0;
		};
		3627A3F91A17A7800092686D /* Resources */ = {
			isa = PBXResourcesBuildPhase;
			buildActionMask = 2147483647;
			files = (
			);
			runOnlyForDeploymentPostprocessing = 0;
		};
/* End PBXResourcesBuildPhase section */

/* Begin PBXSourcesBuildPhase section */
		3627A3DE1A17A7800092686D /* Sources */ = {
			isa = PBXSourcesBuildPhase;
			buildActionMask = 2147483647;
			files = (
				3627A41F1A17AB3D0092686D /* Teacher.m in Sources */,
				3627A4201A17AB3D0092686D /* Name.m in Sources */,
				3627A3EE1A17A7800092686D /* ViewController.m in Sources */,
				3627A4171A17A8BF0092686D /* NSString+WSCategory.m in Sources */,
				3627A41E1A17AB3D0092686D /* Person.m in Sources */,
				3627A3EB1A17A7800092686D /* AppDelegate.m in Sources */,
				3627A4111A17A7DF0092686D /* WSTransObj.m in Sources */,
				3627A4141A17A8AB0092686D /* NSDate+WSCategory.m in Sources */,
				3627A3E81A17A7800092686D /* main.m in Sources */,
			);
			runOnlyForDeploymentPostprocessing = 0;
		};
		3627A3F71A17A7800092686D /* Sources */ = {
			isa = PBXSourcesBuildPhase;
			buildActionMask = 2147483647;
			files = (
				3627A4021A17A7800092686D /* NSDictionary_Model_InterconversionTests.m in Sources */,
			);
			runOnlyForDeploymentPostprocessing = 0;
		};
/* End PBXSourcesBuildPhase section */

/* Begin PBXTargetDependency section */
		3627A3FD1A17A7800092686D /* PBXTargetDependency */ = {
			isa = PBXTargetDependency;
			target = 3627A3E11A17A7800092686D /* NSDictionary－Model Interconversion */;
			targetProxy = 3627A3FC1A17A7800092686D /* PBXContainerItemProxy */;
		};
/* End PBXTargetDependency section */

/* Begin PBXVariantGroup section */
		3627A3EF1A17A7800092686D /* Main.storyboard */ = {
			isa = PBXVariantGroup;
			children = (
				3627A3F01A17A7800092686D /* Base */,
			);
			name = Main.storyboard;
			sourceTree = "<group>";
		};
		3627A3F41A17A7800092686D /* LaunchScreen.xib */ = {
			isa = PBXVariantGroup;
			children = (
				3627A3F51A17A7800092686D /* Base */,
			);
			name = LaunchScreen.xib;
			sourceTree = "<group>";
		};
/* End PBXVariantGroup section */

/* Begin XCBuildConfiguration section */
		3627A4031A17A7800092686D /* Debug */ = {
			isa = XCBuildConfiguration;
			buildSettings = {
				ALWAYS_SEARCH_USER_PATHS = NO;
				CLANG_CXX_LANGUAGE_STANDARD = "gnu++0x";
				CLANG_CXX_LIBRARY = "libc++";
				CLANG_ENABLE_MODULES = YES;
				CLANG_ENABLE_OBJC_ARC = YES;
				CLANG_WARN_BOOL_CONVERSION = YES;
				CLANG_WARN_CONSTANT_CONVERSION = YES;
				CLANG_WARN_DIRECT_OBJC_ISA_USAGE = YES_ERROR;
				CLANG_WARN_EMPTY_BODY = YES;
				CLANG_WARN_ENUM_CONVERSION = YES;
				CLANG_WARN_INT_CONVERSION = YES;
				CLANG_WARN_OBJC_ROOT_CLASS = YES_ERROR;
				CLANG_WARN_UNREACHABLE_CODE = YES;
				CLANG_WARN__DUPLICATE_METHOD_MATCH = YES;
				"CODE_SIGN_IDENTITY[sdk=iphoneos*]" = "iPhone Developer";
				COPY_PHASE_STRIP = NO;
				ENABLE_STRICT_OBJC_MSGSEND = YES;
				GCC_C_LANGUAGE_STANDARD = gnu99;
				GCC_DYNAMIC_NO_PIC = NO;
				GCC_OPTIMIZATION_LEVEL = 0;
				GCC_PREPROCESSOR_DEFINITIONS = (
					"DEBUG=1",
					"$(inherited)",
				);
				GCC_SYMBOLS_PRIVATE_EXTERN = NO;
				GCC_WARN_64_TO_32_BIT_CONVERSION = YES;
				GCC_WARN_ABOUT_RETURN_TYPE = YES_ERROR;
				GCC_WARN_UNDECLARED_SELECTOR = YES;
				GCC_WARN_UNINITIALIZED_AUTOS = YES_AGGRESSIVE;
				GCC_WARN_UNUSED_FUNCTION = YES;
				GCC_WARN_UNUSED_VARIABLE = YES;
				IPHONEOS_DEPLOYMENT_TARGET = 8.1;
				MTL_ENABLE_DEBUG_INFO = YES;
				ONLY_ACTIVE_ARCH = YES;
				SDKROOT = iphoneos;
				TARGETED_DEVICE_FAMILY = "1,2";
			};
			name = Debug;
		};
		3627A4041A17A7800092686D /* Release */ = {
			isa = XCBuildConfiguration;
			buildSettings = {
				ALWAYS_SEARCH_USER_PATHS = NO;
				CLANG_CXX_LANGUAGE_STANDARD = "gnu++0x";
				CLANG_CXX_LIBRARY = "libc++";
				CLANG_ENABLE_MODULES = YES;
				CLANG_ENABLE_OBJC_ARC = YES;
				CLANG_WARN_BOOL_CONVERSION = YES;
				CLANG_WARN_CONSTANT_CONVERSION = YES;
				CLANG_WARN_DIRECT_OBJC_ISA_USAGE = YES_ERROR;
				CLANG_WARN_EMPTY_BODY = YES;
				CLANG_WARN_ENUM_CONVERSION = YES;
				CLANG_WARN_INT_CONVERSION = YES;
				CLANG_WARN_OBJC_ROOT_CLASS = YES_ERROR;
				CLANG_WARN_UNREACHABLE_CODE = YES;
				CLANG_WARN__DUPLICATE_METHOD_MATCH = YES;
				"CODE_SIGN_IDENTITY[sdk=iphoneos*]" = "iPhone Developer";
				COPY_PHASE_STRIP = YES;
				ENABLE_NS_ASSERTIONS = NO;
				ENABLE_STRICT_OBJC_MSGSEND = YES;
				GCC_C_LANGUAGE_STANDARD = gnu99;
				GCC_WARN_64_TO_32_BIT_CONVERSION = YES;
				GCC_WARN_ABOUT_RETURN_TYPE = YES_ERROR;
				GCC_WARN_UNDECLARED_SELECTOR = YES;
				GCC_WARN_UNINITIALIZED_AUTOS = YES_AGGRESSIVE;
				GCC_WARN_UNUSED_FUNCTION = YES;
				GCC_WARN_UNUSED_VARIABLE = YES;
				IPHONEOS_DEPLOYMENT_TARGET = 8.1;
				MTL_ENABLE_DEBUG_INFO = NO;
				SDKROOT = iphoneos;
				TARGETED_DEVICE_FAMILY = "1,2";
				VALIDATE_PRODUCT = YES;
			};
			name = Release;
		};
		3627A4061A17A7800092686D /* Debug */ = {
			isa = XCBuildConfiguration;
			buildSettings = {
				ASSETCATALOG_COMPILER_APPICON_NAME = AppIcon;
				INFOPLIST_FILE = "NSDictionary－Model Interconversion/Info.plist";
				LD_RUNPATH_SEARCH_PATHS = "$(inherited) @executable_path/Frameworks";
				PRODUCT_NAME = "$(TARGET_NAME)";
			};
			name = Debug;
		};
		3627A4071A17A7800092686D /* Release */ = {
			isa = XCBuildConfiguration;
			buildSettings = {
				ASSETCATALOG_COMPILER_APPICON_NAME = AppIcon;
				INFOPLIST_FILE = "NSDictionary－Model Interconversion/Info.plist";
				LD_RUNPATH_SEARCH_PATHS = "$(inherited) @executable_path/Frameworks";
				PRODUCT_NAME = "$(TARGET_NAME)";
			};
			name = Release;
		};
		3627A4091A17A7800092686D /* Debug */ = {
			isa = XCBuildConfiguration;
			buildSettings = {
				BUNDLE_LOADER = "$(TEST_HOST)";
				FRAMEWORK_SEARCH_PATHS = (
					"$(SDKROOT)/Developer/Library/Frameworks",
					"$(inherited)",
				);
				GCC_PREPROCESSOR_DEFINITIONS = (
					"DEBUG=1",
					"$(inherited)",
				);
				INFOPLIST_FILE = "NSDictionary－Model InterconversionTests/Info.plist";
				LD_RUNPATH_SEARCH_PATHS = "$(inherited) @executable_path/Frameworks @loader_path/Frameworks";
				PRODUCT_NAME = "$(TARGET_NAME)";
				TEST_HOST = "$(BUILT_PRODUCTS_DIR)/NSDictionary－Model Interconversion.app/NSDictionary－Model Interconversion";
			};
			name = Debug;
		};
		3627A40A1A17A7800092686D /* Release */ = {
			isa = XCBuildConfiguration;
			buildSettings = {
				BUNDLE_LOADER = "$(TEST_HOST)";
				FRAMEWORK_SEARCH_PATHS = (
					"$(SDKROOT)/Developer/Library/Frameworks",
					"$(inherited)",
				);
				INFOPLIST_FILE = "NSDictionary－Model InterconversionTests/Info.plist";
				LD_RUNPATH_SEARCH_PATHS = "$(inherited) @executable_path/Frameworks @loader_path/Frameworks";
				PRODUCT_NAME = "$(TARGET_NAME)";
				TEST_HOST = "$(BUILT_PRODUCTS_DIR)/NSDictionary－Model Interconversion.app/NSDictionary－Model Interconversion";
			};
			name = Release;
		};
/* End XCBuildConfiguration section */

/* Begin XCConfigurationList section */
		3627A3DD1A17A7800092686D /* Build configuration list for PBXProject "NSDictionary－Model Interconversion" */ = {
			isa = XCConfigurationList;
			buildConfigurations = (
				3627A4031A17A7800092686D /* Debug */,
				3627A4041A17A7800092686D /* Release */,
			);
			defaultConfigurationIsVisible = 0;
			defaultConfigurationName = Release;
		};
		3627A4051A17A7800092686D /* Build configuration list for PBXNativeTarget "NSDictionary－Model Interconversion" */ = {
			isa = XCConfigurationList;
			buildConfigurations = (
				3627A4061A17A7800092686D /* Debug */,
				3627A4071A17A7800092686D /* Release */,
			);
			defaultConfigurationIsVisible = 0;
		};
		3627A4081A17A7800092686D /* Build configuration list for PBXNativeTarget "NSDictionary－Model InterconversionTests" */ = {
			isa = XCConfigurationList;
			buildConfigurations = (
				3627A4091A17A7800092686D /* Debug */,
				3627A40A1A17A7800092686D /* Release */,
			);
			defaultConfigurationIsVisible = 0;
		};
/* End XCConfigurationList section */
	};
	rootObject = 3627A3DA1A17A7800092686D /* Project object */;
}
